
Microsoft Visual Studio Solution File, Format Version 12.00
# Visual Studio Version 17
VisualStudioVersion = 17.14.36301.6 d17.14
MinimumVisualStudioVersion = 10.0.40219.1
Project("{FAE04EC0-301F-11D3-BF4B-00C04F79EFBC}") = "SoftOS", "SoftOS.csproj", "{FEC0E700-B861-4C90-A89B-9467EC285CE9}"
EndProject
Global
	GlobalSection(SolutionConfigurationPlatforms) = preSolution
		Debug|Any CPU = Debug|Any CPU
		Release|Any CPU = Release|Any CPU
	EndGlobalSection
	GlobalSection(ProjectConfigurationPlatforms) = postSolution
		{FEC0E700-B861-4C90-A89B-9467EC285CE9}.Debug|Any CPU.ActiveCfg = Debug|Any CPU
		{FEC0E700-B861-4C90-A89B-9467EC285CE9}.Debug|Any CPU.Build.0 = Debug|Any CPU
		{FEC0E700-B861-4C90-A89B-9467EC285CE9}.Release|Any CPU.ActiveCfg = Release|Any CPU
		{FEC0E700-B861-4C90-A89B-9467EC285CE9}.Release|Any CPU.Build.0 = Release|Any CPU
	EndGlobalSection
	GlobalSection(SolutionProperties) = preSolution
		HideSolutionNode = FALSE
	EndGlobalSection
	GlobalSection(ExtensibilityGlobals) = postSolution
		SolutionGuid = {E51DEDA2-A203-465E-A12F-CF5246424B61}
	EndGlobalSection
EndGlobal
